
Microsoft Visual Studio Solution File, Format Version 12.00
# Visual Studio Version 17
VisualStudioVersion = 17.5.33516.290
MinimumVisualStudioVersion = 10.0.40219.1
Project("{FAE04EC0-301F-11D3-BF4B-00C04F79EFBC}") = "BattleShipEngine", "BattleShipEngine\BattleShipEngine.csproj", "{355F4D64-7D2B-4C55-A4B3-15EBEB856B51}"
EndProject
Project("{FAE04EC0-301F-11D3-BF4B-00C04F79EFBC}") = "BattleShipStrategies", "BattleShipStrategies\BattleShipStrategies.csproj", "{3FD69A9A-B15F-49F2-8C89-BD4C604B8D63}"
EndProject
Project("{FAE04EC0-301F-11D3-BF4B-00C04F79EFBC}") = "BattleShipsAnalytics", "BattleShipsAnalytics\BattleShipsAnalytics.csproj", "{1A8CB9F1-F845-44E2-AFFD-974B015B71A1}"
EndProject
Project("{FAE04EC0-301F-11D3-BF4B-00C04F79EFBC}") = "BattleShipExternalStrategies", "BattleShipExternalStrategies\BattleShipExternalStrategies.csproj", "{B67B5D56-6C24-47F5-9ADD-C68AEB534691}"
EndProject
Global
	GlobalSection(SolutionConfigurationPlatforms) = preSolution
		Debug|Any CPU = Debug|Any CPU
		Release|Any CPU = Release|Any CPU
	EndGlobalSection
	GlobalSection(ProjectConfigurationPlatforms) = postSolution
		{355F4D64-7D2B-4C55-A4B3-15EBEB856B51}.Debug|Any CPU.ActiveCfg = Debug|Any CPU
		{355F4D64-7D2B-4C55-A4B3-15EBEB856B51}.Debug|Any CPU.Build.0 = Debug|Any CPU
		{355F4D64-7D2B-4C55-A4B3-15EBEB856B51}.Release|Any CPU.ActiveCfg = Release|Any CPU
		{355F4D64-7D2B-4C55-A4B3-15EBEB856B51}.Release|Any CPU.Build.0 = Release|Any CPU
		{3FD69A9A-B15F-49F2-8C89-BD4C604B8D63}.Debug|Any CPU.ActiveCfg = Debug|Any CPU
		{3FD69A9A-B15F-49F2-8C89-BD4C604B8D63}.Debug|Any CPU.Build.0 = Debug|Any CPU
		{3FD69A9A-B15F-49F2-8C89-BD4C604B8D63}.Release|Any CPU.ActiveCfg = Release|Any CPU
		{3FD69A9A-B15F-49F2-8C89-BD4C604B8D63}.Release|Any CPU.Build.0 = Release|Any CPU
		{1A8CB9F1-F845-44E2-AFFD-974B015B71A1}.Debug|Any CPU.ActiveCfg = Debug|Any CPU
		{1A8CB9F1-F845-44E2-AFFD-974B015B71A1}.Debug|Any CPU.Build.0 = Debug|Any CPU
		{1A8CB9F1-F845-44E2-AFFD-974B015B71A1}.Release|Any CPU.ActiveCfg = Release|Any CPU
		{1A8CB9F1-F845-44E2-AFFD-974B015B71A1}.Release|Any CPU.Build.0 = Release|Any CPU
		{B67B5D56-6C24-47F5-9ADD-C68AEB534691}.Debug|Any CPU.ActiveCfg = Debug|Any CPU
		{B67B5D56-6C24-47F5-9ADD-C68AEB534691}.Debug|Any CPU.Build.0 = Debug|Any CPU
		{B67B5D56-6C24-47F5-9ADD-C68AEB534691}.Release|Any CPU.ActiveCfg = Release|Any CPU
		{B67B5D56-6C24-47F5-9ADD-C68AEB534691}.Release|Any CPU.Build.0 = Release|Any CPU
	EndGlobalSection
	GlobalSection(SolutionProperties) = preSolution
		HideSolutionNode = FALSE
	EndGlobalSection
	GlobalSection(ExtensibilityGlobals) = postSolution
		SolutionGuid = {573EDED4-DFEF-4BF5-81EC-1F384A83D0F1}
	EndGlobalSection
EndGlobal
